DEPENDENCIES
  apt (~> 6.1.0)
  build-essential (~> 8.0.3)
  cloudcli (~> 1.2.0)
  divelogger-mongo
    path: .
    metadata: true
  monit-ng (~> 2.4.0)
  sc-mongodb (~> 1.0.0)

GRAPH
  apt (6.1.4)
  build-essential (8.0.3)
    mingw (>= 1.1)
    seven_zip (>= 0.0.0)
  cloudcli (1.2.0)
    poise-python (~> 1.6)
  compat_resource (12.19.0)
  divelogger-mongo (0.1.0)
    apt (>= 0.0.0)
    build-essential (>= 0.0.0)
    cloudcli (>= 0.0.0)
    monit-ng (>= 0.0.0)
    sc-mongodb (>= 0.0.0)
  dpkg_autostart (0.2.0)
  mingw (2.0.1)
    seven_zip (>= 0.0.0)
  monit-ng (2.4.0)
    apt (>= 0.0.0)
    build-essential (>= 0.0.0)
    dpkg_autostart (>= 0.0.0)
    ubuntu (>= 0.0.0)
    yum-epel (>= 0.0.0)
  ohai (5.2.0)
  poise (2.8.1)
  poise-archive (1.5.0)
    poise (~> 2.6)
  poise-languages (2.1.1)
    poise (~> 2.5)
    poise-archive (~> 1.0)
  poise-python (1.6.0)
    poise (~> 2.7)
    poise-languages (~> 2.0)
  sc-mongodb (1.0.0)
    apt (>= 1.8.2)
    build-essential (>= 5.0.0)
    yum (>= 3.0)
  seven_zip (2.0.2)
    windows (>= 1.2.2)
  ubuntu (2.0.1)
    apt (>= 0.0.0)
  windows (3.3.0)
    ohai (>= 4.0.0)
  yum (5.0.1)
  yum-epel (2.1.2)
    compat_resource (>= 12.16.3)
